// !$*UTF8*$!
{
	archiveVersion = 1;
	classes = {
	};
	objectVersion = 56;
	objects = {

/* Begin PBXBuildFile section */
		D61C94D62AC0D69B000562E9 /* Extension.swift in Sources */ = {isa = PBXBuildFile; fileRef = D61C94D52AC0D69B000562E9 /* Extension.swift */; };
		D61C94DB2AC199AB000562E9 /* HomeViewModel.swift in Sources */ = {isa = PBXBuildFile; fileRef = D61C94DA2AC199AB000562E9 /* HomeViewModel.swift */; };
		D61C94DD2AC19DA5000562E9 /* HomeView.swift in Sources */ = {isa = PBXBuildFile; fileRef = D61C94DC2AC19DA5000562E9 /* HomeView.swift */; };
		D61C94E02AC1B165000562E9 /* RowEmprestimo.swift in Sources */ = {isa = PBXBuildFile; fileRef = D61C94DF2AC1B165000562E9 /* RowEmprestimo.swift */; };
		D61C94E32AC1B58C000562E9 /* HeaderHomeView.swift in Sources */ = {isa = PBXBuildFile; fileRef = D61C94E22AC1B58C000562E9 /* HeaderHomeView.swift */; };
		D61C94E52AC1B6F8000562E9 /* CardInfoView.swift in Sources */ = {isa = PBXBuildFile; fileRef = D61C94E42AC1B6F8000562E9 /* CardInfoView.swift */; };
		D63877D52ACAE8C000E78D8F /* ButtonCustomView.swift in Sources */ = {isa = PBXBuildFile; fileRef = D63877D42ACAE8C000E78D8F /* ButtonCustomView.swift */; };
		D642F5D32AC8A1CF009F76BC /* HomeService.swift in Sources */ = {isa = PBXBuildFile; fileRef = D642F5D22AC8A1CF009F76BC /* HomeService.swift */; };
		D642F5D52AC9607B009F76BC /* ImageFileUploader.swift in Sources */ = {isa = PBXBuildFile; fileRef = D642F5D42AC9607B009F76BC /* ImageFileUploader.swift */; };
		D64CF2B32ACDE3A800AC061F /* Date.swift in Sources */ = {isa = PBXBuildFile; fileRef = D64CF2B22ACDE3A800AC061F /* Date.swift */; };
		D64D29F42AD7135500F89CAC /* GoogleService-Info.plist in Resources */ = {isa = PBXBuildFile; fileRef = D64D29F32AD7135400F89CAC /* GoogleService-Info.plist */; };
		D64D29F62AD7141B00F89CAC /* FirebaseAuth in Frameworks */ = {isa = PBXBuildFile; productRef = D64D29F52AD7141B00F89CAC /* FirebaseAuth */; };
		D650B99D2AC5351D00DA249F /* PaymentService.swift in Sources */ = {isa = PBXBuildFile; fileRef = D650B99C2AC5351D00DA249F /* PaymentService.swift */; };
		D650B9A02AC5367700DA249F /* Constants.swift in Sources */ = {isa = PBXBuildFile; fileRef = D650B99F2AC5367700DA249F /* Constants.swift */; };
		D650B9A22AC5386600DA249F /* Payment.swift in Sources */ = {isa = PBXBuildFile; fileRef = D650B9A12AC5386600DA249F /* Payment.swift */; };
		D65A84E02AD0063200102C15 /* UserDebt.swift in Sources */ = {isa = PBXBuildFile; fileRef = D65A84DF2AD0063200102C15 /* UserDebt.swift */; };
		D65B173F2ABC6F2B008E0CF3 /* PagarDividasApp.swift in Sources */ = {isa = PBXBuildFile; fileRef = D65B173E2ABC6F2B008E0CF3 /* PagarDividasApp.swift */; };
		D65B17412ABC6F2B008E0CF3 /* ContentView.swift in Sources */ = {isa = PBXBuildFile; fileRef = D65B17402ABC6F2B008E0CF3 /* ContentView.swift */; };
		D65B17432ABC6F2D008E0CF3 /* Assets.xcassets in Resources */ = {isa = PBXBuildFile; fileRef = D65B17422ABC6F2D008E0CF3 /* Assets.xcassets */; };
		D65B17462ABC6F2D008E0CF3 /* Preview Assets.xcassets in Resources */ = {isa = PBXBuildFile; fileRef = D65B17452ABC6F2D008E0CF3 /* Preview Assets.xcassets */; };
		D65B17552ABC70CF008E0CF3 /* LoginView.swift in Sources */ = {isa = PBXBuildFile; fileRef = D65B17542ABC70CF008E0CF3 /* LoginView.swift */; };
		D65B17592ABC71EB008E0CF3 /* InputView.swift in Sources */ = {isa = PBXBuildFile; fileRef = D65B17582ABC71EB008E0CF3 /* InputView.swift */; };
		D65B175B2ABC777D008E0CF3 /* RegistesionView.swift in Sources */ = {isa = PBXBuildFile; fileRef = D65B175A2ABC777D008E0CF3 /* RegistesionView.swift */; };
		D65B175D2ABC7A64008E0CF3 /* ProfileView.swift in Sources */ = {isa = PBXBuildFile; fileRef = D65B175C2ABC7A64008E0CF3 /* ProfileView.swift */; };
		D65B175F2ABC7C22008E0CF3 /* SettingsRowView.swift in Sources */ = {isa = PBXBuildFile; fileRef = D65B175E2ABC7C22008E0CF3 /* SettingsRowView.swift */; };
		D65B17612ABC7E82008E0CF3 /* User.swift in Sources */ = {isa = PBXBuildFile; fileRef = D65B17602ABC7E81008E0CF3 /* User.swift */; };
		D65B17662ABC8233008E0CF3 /* FirebaseAnalytics in Frameworks */ = {isa = PBXBuildFile; productRef = D65B17652ABC8233008E0CF3 /* FirebaseAnalytics */; };
		D65B17682ABC8233008E0CF3 /* FirebaseAnalyticsSwift in Frameworks */ = {isa = PBXBuildFile; productRef = D65B17672ABC8233008E0CF3 /* FirebaseAnalyticsSwift */; };
		D65B176C2ABC8233008E0CF3 /* FirebaseFirestore in Frameworks */ = {isa = PBXBuildFile; productRef = D65B176B2ABC8233008E0CF3 /* FirebaseFirestore */; };
		D65B176E2ABC8233008E0CF3 /* FirebaseFirestoreSwift in Frameworks */ = {isa = PBXBuildFile; productRef = D65B176D2ABC8233008E0CF3 /* FirebaseFirestoreSwift */; };
		D65B17712ABC83AF008E0CF3 /* FirebaseStorage in Frameworks */ = {isa = PBXBuildFile; productRef = D65B17702ABC83AF008E0CF3 /* FirebaseStorage */; };
		D65B17762ABC848F008E0CF3 /* AuthViewModel.swift in Sources */ = {isa = PBXBuildFile; fileRef = D65B17752ABC848F008E0CF3 /* AuthViewModel.swift */; };
		D69241352AEBC595001FFCD5 /* LendView.swift in Sources */ = {isa = PBXBuildFile; fileRef = D69241342AEBC595001FFCD5 /* LendView.swift */; };
		D69241372AEBFD14001FFCD5 /* Double.swift in Sources */ = {isa = PBXBuildFile; fileRef = D69241362AEBFD14001FFCD5 /* Double.swift */; };
		D698F3612AE994BB0030A229 /* KeyBoardView.swift in Sources */ = {isa = PBXBuildFile; fileRef = D698F3602AE994BB0030A229 /* KeyBoardView.swift */; };
		D698F3632AE994D90030A229 /* Home.swift in Sources */ = {isa = PBXBuildFile; fileRef = D698F3622AE994D90030A229 /* Home.swift */; };
		D69AE9FD2AF2BCF50092520F /* CardDebtUserView.swift in Sources */ = {isa = PBXBuildFile; fileRef = D69AE9FC2AF2BCF50092520F /* CardDebtUserView.swift */; };
		D6C83FAC2AC3D2FF00357C25 /* ContentViewModel.swift in Sources */ = {isa = PBXBuildFile; fileRef = D6C83FAB2AC3D2FF00357C25 /* ContentViewModel.swift */; };
		D6C83FAF2AC3D40900357C25 /* AuthService.swift in Sources */ = {isa = PBXBuildFile; fileRef = D6C83FAE2AC3D40900357C25 /* AuthService.swift */; };
		D6C83FB42AC3D96F00357C25 /* LoginViewModel.swift in Sources */ = {isa = PBXBuildFile; fileRef = D6C83FB32AC3D96F00357C25 /* LoginViewModel.swift */; };
		D6C83FB62AC3DA1F00357C25 /* RegistrationViewModel.swift in Sources */ = {isa = PBXBuildFile; fileRef = D6C83FB52AC3DA1F00357C25 /* RegistrationViewModel.swift */; };
		D6C83FBA2AC3E16F00357C25 /* UserViewModel.swift in Sources */ = {isa = PBXBuildFile; fileRef = D6C83FB92AC3E16F00357C25 /* UserViewModel.swift */; };
		D6C83FBE2AC40F9400357C25 /* ProfileViewModel.swift in Sources */ = {isa = PBXBuildFile; fileRef = D6C83FBD2AC40F9400357C25 /* ProfileViewModel.swift */; };
		D6C83FC42AC4217000357C25 /* PaymentView.swift in Sources */ = {isa = PBXBuildFile; fileRef = D6C83FC32AC4217000357C25 /* PaymentView.swift */; };
		D6C83FC62AC4244900357C25 /* CircularProfileImageView.swift in Sources */ = {isa = PBXBuildFile; fileRef = D6C83FC52AC4244900357C25 /* CircularProfileImageView.swift */; };
		D6C83FC82AC425B200357C25 /* PaymentViewModel.swift in Sources */ = {isa = PBXBuildFile; fileRef = D6C83FC72AC425B200357C25 /* PaymentViewModel.swift */; };
		D6F0C5E12ABD4F600039FCF7 /* UsersView.swift in Sources */ = {isa = PBXBuildFile; fileRef = D6F0C5E02ABD4F600039FCF7 /* UsersView.swift */; };
		D6F0C5E62ABD569D0039FCF7 /* UserService.swift in Sources */ = {isa = PBXBuildFile; fileRef = D6F0C5E52ABD569D0039FCF7 /* UserService.swift */; };
		D6F0C5EB2ABD61230039FCF7 /* AddView.swift in Sources */ = {isa = PBXBuildFile; fileRef = D6F0C5EA2ABD61230039FCF7 /* AddView.swift */; };
		D6F0C5F92ABDBC280039FCF7 /* AddViewModel.swift in Sources */ = {isa = PBXBuildFile; fileRef = D6F0C5F82ABDBC280039FCF7 /* AddViewModel.swift */; };
		D6F0C5FB2ABDBED10039FCF7 /* TLButton.swift in Sources */ = {isa = PBXBuildFile; fileRef = D6F0C5FA2ABDBED10039FCF7 /* TLButton.swift */; };
/* End PBXBuildFile section */

/* Begin PBXFileReference section */
		D61C94D52AC0D69B000562E9 /* Extension.swift */ = {isa = PBXFileReference; lastKnownFileType = sourcecode.swift; path = Extension.swift; sourceTree = "<group>"; };
		D61C94DA2AC199AB000562E9 /* HomeViewModel.swift */ = {isa = PBXFileReference; lastKnownFileType = sourcecode.swift; path = HomeViewModel.swift; sourceTree = "<group>"; };
		D61C94DC2AC19DA5000562E9 /* HomeView.swift */ = {isa = PBXFileReference; lastKnownFileType = sourcecode.swift; path = HomeView.swift; sourceTree = "<group>"; };
		D61C94DF2AC1B165000562E9 /* RowEmprestimo.swift */ = {isa = PBXFileReference; lastKnownFileType = sourcecode.swift; path = RowEmprestimo.swift; sourceTree = "<group>"; };
		D61C94E22AC1B58C000562E9 /* HeaderHomeView.swift */ = {isa = PBXFileReference; lastKnownFileType = sourcecode.swift; path = HeaderHomeView.swift; sourceTree = "<group>"; };
		D61C94E42AC1B6F8000562E9 /* CardInfoView.swift */ = {isa = PBXFileReference; lastKnownFileType = sourcecode.swift; path = CardInfoView.swift; sourceTree = "<group>"; };
		D63877D42ACAE8C000E78D8F /* ButtonCustomView.swift */ = {isa = PBXFileReference; lastKnownFileType = sourcecode.swift; path = ButtonCustomView.swift; sourceTree = "<group>"; };
		D642F5D22AC8A1CF009F76BC /* HomeService.swift */ = {isa = PBXFileReference; lastKnownFileType = sourcecode.swift; path = HomeService.swift; sourceTree = "<group>"; };
		D642F5D42AC9607B009F76BC /* ImageFileUploader.swift */ = {isa = PBXFileReference; lastKnownFileType = sourcecode.swift; path = ImageFileUploader.swift; sourceTree = "<group>"; };
		D64CF2B22ACDE3A800AC061F /* Date.swift */ = {isa = PBXFileReference; lastKnownFileType = sourcecode.swift; path = Date.swift; sourceTree = "<group>"; };
		D64D29F32AD7135400F89CAC /* GoogleService-Info.plist */ = {isa = PBXFileReference; fileEncoding = 4; lastKnownFileType = text.plist.xml; path = "GoogleService-Info.plist"; sourceTree = "<group>"; };
		D650B99C2AC5351D00DA249F /* PaymentService.swift */ = {isa = PBXFileReference; lastKnownFileType = sourcecode.swift; path = PaymentService.swift; sourceTree = "<group>"; };
		D650B99F2AC5367700DA249F /* Constants.swift */ = {isa = PBXFileReference; lastKnownFileType = sourcecode.swift; path = Constants.swift; sourceTree = "<group>"; };
		D650B9A12AC5386600DA249F /* Payment.swift */ = {isa = PBXFileReference; lastKnownFileType = sourcecode.swift; path = Payment.swift; sourceTree = "<group>"; };
		D65A84DF2AD0063200102C15 /* UserDebt.swift */ = {isa = PBXFileReference; lastKnownFileType = sourcecode.swift; path = UserDebt.swift; sourceTree = "<group>"; };
		D65B173B2ABC6F2B008E0CF3 /* PagarDividas.app */ = {isa = PBXFileReference; explicitFileType = wrapper.application; includeInIndex = 0; path = PagarDividas.app; sourceTree = BUILT_PRODUCTS_DIR; };
		D65B173E2ABC6F2B008E0CF3 /* PagarDividasApp.swift */ = {isa = PBXFileReference; lastKnownFileType = sourcecode.swift; path = PagarDividasApp.swift; sourceTree = "<group>"; };
		D65B17402ABC6F2B008E0CF3 /* ContentView.swift */ = {isa = PBXFileReference; lastKnownFileType = sourcecode.swift; path = ContentView.swift; sourceTree = "<group>"; };
		D65B17422ABC6F2D008E0CF3 /* Assets.xcassets */ = {isa = PBXFileReference; lastKnownFileType = folder.assetcatalog; path = Assets.xcassets; sourceTree = "<group>"; };
		D65B17452ABC6F2D008E0CF3 /* Preview Assets.xcassets */ = {isa = PBXFileReference; lastKnownFileType = folder.assetcatalog; path = "Preview Assets.xcassets"; sourceTree = "<group>"; };
		D65B17542ABC70CF008E0CF3 /* LoginView.swift */ = {isa = PBXFileReference; lastKnownFileType = sourcecode.swift; path = LoginView.swift; sourceTree = "<group>"; };
		D65B17582ABC71EB008E0CF3 /* InputView.swift */ = {isa = PBXFileReference; lastKnownFileType = sourcecode.swift; path = InputView.swift; sourceTree = "<group>"; };
		D65B175A2ABC777D008E0CF3 /* RegistesionView.swift */ = {isa = PBXFileReference; lastKnownFileType = sourcecode.swift; path = RegistesionView.swift; sourceTree = "<group>"; };
		D65B175C2ABC7A64008E0CF3 /* ProfileView.swift */ = {isa = PBXFileReference; lastKnownFileType = sourcecode.swift; path = ProfileView.swift; sourceTree = "<group>"; };
		D65B175E2ABC7C22008E0CF3 /* SettingsRowView.swift */ = {isa = PBXFileReference; lastKnownFileType = sourcecode.swift; path = SettingsRowView.swift; sourceTree = "<group>"; };
		D65B17602ABC7E81008E0CF3 /* User.swift */ = {isa = PBXFileReference; lastKnownFileType = sourcecode.swift; path = User.swift; sourceTree = "<group>"; };
		D65B17752ABC848F008E0CF3 /* AuthViewModel.swift */ = {isa = PBXFileReference; lastKnownFileType = sourcecode.swift; path = AuthViewModel.swift; sourceTree = "<group>"; };
		D69241342AEBC595001FFCD5 /* LendView.swift */ = {isa = PBXFileReference; lastKnownFileType = sourcecode.swift; path = LendView.swift; sourceTree = "<group>"; };
		D69241362AEBFD14001FFCD5 /* Double.swift */ = {isa = PBXFileReference; lastKnownFileType = sourcecode.swift; path = Double.swift; sourceTree = "<group>"; };
		D698F3602AE994BB0030A229 /* KeyBoardView.swift */ = {isa = PBXFileReference; fileEncoding = 4; lastKnownFileType = sourcecode.swift; path = KeyBoardView.swift; sourceTree = "<group>"; };
		D698F3622AE994D90030A229 /* Home.swift */ = {isa = PBXFileReference; fileEncoding = 4; lastKnownFileType = sourcecode.swift; path = Home.swift; sourceTree = "<group>"; };
		D69AE9FC2AF2BCF50092520F /* CardDebtUserView.swift */ = {isa = PBXFileReference; lastKnownFileType = sourcecode.swift; path = CardDebtUserView.swift; sourceTree = "<group>"; };
		D6C83FAB2AC3D2FF00357C25 /* ContentViewModel.swift */ = {isa = PBXFileReference; lastKnownFileType = sourcecode.swift; path = ContentViewModel.swift; sourceTree = "<group>"; };
		D6C83FAE2AC3D40900357C25 /* AuthService.swift */ = {isa = PBXFileReference; lastKnownFileType = sourcecode.swift; path = AuthService.swift; sourceTree = "<group>"; };
		D6C83FB32AC3D96F00357C25 /* LoginViewModel.swift */ = {isa = PBXFileReference; lastKnownFileType = sourcecode.swift; path = LoginViewModel.swift; sourceTree = "<group>"; };
		D6C83FB52AC3DA1F00357C25 /* RegistrationViewModel.swift */ = {isa = PBXFileReference; lastKnownFileType = sourcecode.swift; path = RegistrationViewModel.swift; sourceTree = "<group>"; };
		D6C83FB92AC3E16F00357C25 /* UserViewModel.swift */ = {isa = PBXFileReference; lastKnownFileType = sourcecode.swift; path = UserViewModel.swift; sourceTree = "<group>"; };
		D6C83FBD2AC40F9400357C25 /* ProfileViewModel.swift */ = {isa = PBXFileReference; lastKnownFileType = sourcecode.swift; path = ProfileViewModel.swift; sourceTree = "<group>"; };
		D6C83FC32AC4217000357C25 /* PaymentView.swift */ = {isa = PBXFileReference; lastKnownFileType = sourcecode.swift; path = PaymentView.swift; sourceTree = "<group>"; };
		D6C83FC52AC4244900357C25 /* CircularProfileImageView.swift */ = {isa = PBXFileReference; lastKnownFileType = sourcecode.swift; path = CircularProfileImageView.swift; sourceTree = "<group>"; };
		D6C83FC72AC425B200357C25 /* PaymentViewModel.swift */ = {isa = PBXFileReference; lastKnownFileType = sourcecode.swift; path = PaymentViewModel.swift; sourceTree = "<group>"; };
		D6F0C5E02ABD4F600039FCF7 /* UsersView.swift */ = {isa = PBXFileReference; lastKnownFileType = sourcecode.swift; path = UsersView.swift; sourceTree = "<group>"; };
		D6F0C5E52ABD569D0039FCF7 /* UserService.swift */ = {isa = PBXFileReference; lastKnownFileType = sourcecode.swift; path = UserService.swift; sourceTree = "<group>"; };
		D6F0C5EA2ABD61230039FCF7 /* AddView.swift */ = {isa = PBXFileReference; lastKnownFileType = sourcecode.swift; path = AddView.swift; sourceTree = "<group>"; };
		D6F0C5F82ABDBC280039FCF7 /* AddViewModel.swift */ = {isa = PBXFileReference; lastKnownFileType = sourcecode.swift; path = AddViewModel.swift; sourceTree = "<group>"; };
		D6F0C5FA2ABDBED10039FCF7 /* TLButton.swift */ = {isa = PBXFileReference; lastKnownFileType = sourcecode.swift; path = TLButton.swift; sourceTree = "<group>"; };
/* End PBXFileReference section */

/* Begin PBXFrameworksBuildPhase section */
		D65B17382ABC6F2B008E0CF3 /* Frameworks */ = {
			isa = PBXFrameworksBuildPhase;
			buildActionMask = 2147483647;
			files = (
				D65B176E2ABC8233008E0CF3 /* FirebaseFirestoreSwift in Frameworks */,
				D64D29F62AD7141B00F89CAC /* FirebaseAuth in Frameworks */,
				D65B17682ABC8233008E0CF3 /* FirebaseAnalyticsSwift in Frameworks */,
				D65B176C2ABC8233008E0CF3 /* FirebaseFirestore in Frameworks */,
				D65B17662ABC8233008E0CF3 /* FirebaseAnalytics in Frameworks */,
				D65B17712ABC83AF008E0CF3 /* FirebaseStorage in Frameworks */,
			);
			runOnlyForDeploymentPostprocessing = 0;
		};
/* End PBXFrameworksBuildPhase section */

/* Begin PBXGroup section */
		D61C94D42AC0D671000562E9 /* Other */ = {
			isa = PBXGroup;
			children = (
				D64D29F32AD7135400F89CAC /* GoogleService-Info.plist */,
				D61C94D52AC0D69B000562E9 /* Extension.swift */,
			);
			path = Other;
			sourceTree = "<group>";
		};
		D61C94D92AC19982000562E9 /* Home */ = {
			isa = PBXGroup;
			children = (
				D642F5D12AC8A1C1009F76BC /* Service */,
				D64ECE502AC2017700A3758F /* ViewModel */,
				D61C94DE2AC1B13A000562E9 /* View */,
			);
			path = Home;
			sourceTree = "<group>";
		};
		D61C94DE2AC1B13A000562E9 /* View */ = {
			isa = PBXGroup;
			children = (
				D61C94E12AC1B569000562E9 /* Components */,
				D61C94DC2AC19DA5000562E9 /* HomeView.swift */,
			);
			path = View;
			sourceTree = "<group>";
		};
		D61C94E12AC1B569000562E9 /* Components */ = {
			isa = PBXGroup;
			children = (
				D61C94DF2AC1B165000562E9 /* RowEmprestimo.swift */,
				D61C94E22AC1B58C000562E9 /* HeaderHomeView.swift */,
				D61C94E42AC1B6F8000562E9 /* CardInfoView.swift */,
				D63877D42ACAE8C000E78D8F /* ButtonCustomView.swift */,
			);
			path = Components;
			sourceTree = "<group>";
		};
		D642F5D12AC8A1C1009F76BC /* Service */ = {
			isa = PBXGroup;
			children = (
				D642F5D22AC8A1CF009F76BC /* HomeService.swift */,
			);
			path = Service;
			sourceTree = "<group>";
		};
		D64CF2B12ACDE37500AC061F /* Extension */ = {
			isa = PBXGroup;
			children = (
				D64CF2B22ACDE3A800AC061F /* Date.swift */,
				D69241362AEBFD14001FFCD5 /* Double.swift */,
			);
			path = Extension;
			sourceTree = "<group>";
		};
		D64ECE502AC2017700A3758F /* ViewModel */ = {
			isa = PBXGroup;
			children = (
				D61C94DA2AC199AB000562E9 /* HomeViewModel.swift */,
			);
			path = ViewModel;
			sourceTree = "<group>";
		};
		D650B99B2AC5350000DA249F /* Service */ = {
			isa = PBXGroup;
			children = (
				D650B99C2AC5351D00DA249F /* PaymentService.swift */,
			);
			path = Service;
			sourceTree = "<group>";
		};
		D650B99E2AC5365B00DA249F /* Utils */ = {
			isa = PBXGroup;
			children = (
				D698F3622AE994D90030A229 /* Home.swift */,
				D698F3602AE994BB0030A229 /* KeyBoardView.swift */,
				D650B99F2AC5367700DA249F /* Constants.swift */,
			);
			path = Utils;
			sourceTree = "<group>";
		};
		D65B17322ABC6F2B008E0CF3 = {
			isa = PBXGroup;
			children = (
				D65B173D2ABC6F2B008E0CF3 /* PagarDividas */,
				D65B173C2ABC6F2B008E0CF3 /* Products */,
				D65B176F2ABC83AF008E0CF3 /* Frameworks */,
			);
			sourceTree = "<group>";
		};
		D65B173C2ABC6F2B008E0CF3 /* Products */ = {
			isa = PBXGroup;
			children = (
				D65B173B2ABC6F2B008E0CF3 /* PagarDividas.app */,
			);
			name = Products;
			sourceTree = "<group>";
		};
		D65B173D2ABC6F2B008E0CF3 /* PagarDividas */ = {
			isa = PBXGroup;
			children = (
				D64CF2B12ACDE37500AC061F /* Extension */,
				D650B99E2AC5365B00DA249F /* Utils */,
				D65B174C2ABC6FF6008E0CF3 /* App */,
				D61C94D42AC0D671000562E9 /* Other */,
				D65B174D2ABC6FFD008E0CF3 /* Components */,
				D65B174F2ABC701A008E0CF3 /* Model */,
				D65B174E2ABC700F008E0CF3 /* Core */,
				D65B17422ABC6F2D008E0CF3 /* Assets.xcassets */,
				D65B17442ABC6F2D008E0CF3 /* Preview Content */,
			);
			path = PagarDividas;
			sourceTree = "<group>";
		};
		D65B17442ABC6F2D008E0CF3 /* Preview Content */ = {
			isa = PBXGroup;
			children = (
				D65B17452ABC6F2D008E0CF3 /* Preview Assets.xcassets */,
			);
			path = "Preview Content";
			sourceTree = "<group>";
		};
		D65B174C2ABC6FF6008E0CF3 /* App */ = {
			isa = PBXGroup;
			children = (
				D65B173E2ABC6F2B008E0CF3 /* PagarDividasApp.swift */,
			);
			path = App;
			sourceTree = "<group>";
		};
		D65B174D2ABC6FFD008E0CF3 /* Components */ = {
			isa = PBXGroup;
			children = (
				D65B17582ABC71EB008E0CF3 /* InputView.swift */,
				D65B175E2ABC7C22008E0CF3 /* SettingsRowView.swift */,
				D6F0C5FA2ABDBED10039FCF7 /* TLButton.swift */,
				D6C83FC52AC4244900357C25 /* CircularProfileImageView.swift */,
			);
			path = Components;
			sourceTree = "<group>";
		};
		D65B174E2ABC700F008E0CF3 /* Core */ = {
			isa = PBXGroup;
			children = (
				D6C83FC02AC4213400357C25 /* Payment */,
				D61C94D92AC19982000562E9 /* Home */,
				D6F0C5E92ABD61040039FCF7 /* Add */,
				D6F0C5DF2ABD4F290039FCF7 /* Users */,
				D65B17512ABC7058008E0CF3 /* Authentication */,
				D65B17522ABC7062008E0CF3 /* Profile */,
				D65B17502ABC7034008E0CF3 /* Root */,
			);
			path = Core;
			sourceTree = "<group>";
		};
		D65B174F2ABC701A008E0CF3 /* Model */ = {
			isa = PBXGroup;
			children = (
				D65B17602ABC7E81008E0CF3 /* User.swift */,
				D650B9A12AC5386600DA249F /* Payment.swift */,
				D65A84DF2AD0063200102C15 /* UserDebt.swift */,
			);
			path = Model;
			sourceTree = "<group>";
		};
		D65B17502ABC7034008E0CF3 /* Root */ = {
			isa = PBXGroup;
			children = (
				D6C83FA92AC3D2C100357C25 /* View */,
				D6C83FAA2AC3D2C700357C25 /* ViewModel */,
			);
			path = Root;
			sourceTree = "<group>";
		};
		D65B17512ABC7058008E0CF3 /* Authentication */ = {
			isa = PBXGroup;
			children = (
				D6C83FAD2AC3D3E600357C25 /* Service */,
				D65B17742ABC8473008E0CF3 /* ViewModel */,
				D65B17722ABC8445008E0CF3 /* View */,
			);
			path = Authentication;
			sourceTree = "<group>";
		};
		D65B17522ABC7062008E0CF3 /* Profile */ = {
			isa = PBXGroup;
			children = (
				D6C83FBC2AC40F7300357C25 /* ViewModel */,
				D6C83FBB2AC40F6C00357C25 /* View */,
			);
			path = Profile;
			sourceTree = "<group>";
		};
		D65B176F2ABC83AF008E0CF3 /* Frameworks */ = {
			isa = PBXGroup;
			children = (
			);
			name = Frameworks;
			sourceTree = "<group>";
		};
		D65B17722ABC8445008E0CF3 /* View */ = {
			isa = PBXGroup;
			children = (
				D65B17542ABC70CF008E0CF3 /* LoginView.swift */,
				D65B175A2ABC777D008E0CF3 /* RegistesionView.swift */,
			);
			path = View;
			sourceTree = "<group>";
		};
		D65B17742ABC8473008E0CF3 /* ViewModel */ = {
			isa = PBXGroup;
			children = (
				D65B17752ABC848F008E0CF3 /* AuthViewModel.swift */,
				D6C83FB32AC3D96F00357C25 /* LoginViewModel.swift */,
				D6C83FB52AC3DA1F00357C25 /* RegistrationViewModel.swift */,
			);
			path = ViewModel;
			sourceTree = "<group>";
		};
		D69241332AEBC4D3001FFCD5 /* SubView */ = {
			isa = PBXGroup;
			children = (
				D69241342AEBC595001FFCD5 /* LendView.swift */,
				D69AE9FC2AF2BCF50092520F /* CardDebtUserView.swift */,
			);
			path = SubView;
			sourceTree = "<group>";
		};
		D6C83FA92AC3D2C100357C25 /* View */ = {
			isa = PBXGroup;
			children = (
				D65B17402ABC6F2B008E0CF3 /* ContentView.swift */,
			);
			path = View;
			sourceTree = "<group>";
		};
		D6C83FAA2AC3D2C700357C25 /* ViewModel */ = {
			isa = PBXGroup;
			children = (
				D6C83FAB2AC3D2FF00357C25 /* ContentViewModel.swift */,
			);
			path = ViewModel;
			sourceTree = "<group>";
		};
		D6C83FAD2AC3D3E600357C25 /* Service */ = {
			isa = PBXGroup;
			children = (
				D6C83FAE2AC3D40900357C25 /* AuthService.swift */,
			);
			path = Service;
			sourceTree = "<group>";
		};
		D6C83FBB2AC40F6C00357C25 /* View */ = {
			isa = PBXGroup;
			children = (
				D65B175C2ABC7A64008E0CF3 /* ProfileView.swift */,
			);
			path = View;
			sourceTree = "<group>";
		};
		D6C83FBC2AC40F7300357C25 /* ViewModel */ = {
			isa = PBXGroup;
			children = (
				D6C83FBD2AC40F9400357C25 /* ProfileViewModel.swift */,
			);
			path = ViewModel;
			sourceTree = "<group>";
		};
		D6C83FC02AC4213400357C25 /* Payment */ = {
			isa = PBXGroup;
			children = (
				D650B99B2AC5350000DA249F /* Service */,
				D6C83FC12AC4214100357C25 /* View */,
				D6C83FC22AC4215000357C25 /* ViewModel */,
			);
			path = Payment;
			sourceTree = "<group>";
		};
		D6C83FC12AC4214100357C25 /* View */ = {
			isa = PBXGroup;
			children = (
				D69241332AEBC4D3001FFCD5 /* SubView */,
				D6C83FC32AC4217000357C25 /* PaymentView.swift */,
			);
			path = View;
			sourceTree = "<group>";
		};
		D6C83FC22AC4215000357C25 /* ViewModel */ = {
			isa = PBXGroup;
			children = (
				D6C83FC72AC425B200357C25 /* PaymentViewModel.swift */,
			);
			path = ViewModel;
			sourceTree = "<group>";
		};
		D6F0C5DF2ABD4F290039FCF7 /* Users */ = {
			isa = PBXGroup;
			children = (
				D6F0C5E42ABD56830039FCF7 /* Service */,
				D6F0C5EF2ABD93F30039FCF7 /* View */,
				D6C83FB92AC3E16F00357C25 /* UserViewModel.swift */,
			);
			path = Users;
			sourceTree = "<group>";
		};
		D6F0C5E42ABD56830039FCF7 /* Service */ = {
			isa = PBXGroup;
			children = (
				D6F0C5E52ABD569D0039FCF7 /* UserService.swift */,
				D642F5D42AC9607B009F76BC /* ImageFileUploader.swift */,
			);
			path = Service;
			sourceTree = "<group>";
		};
		D6F0C5E92ABD61040039FCF7 /* Add */ = {
			isa = PBXGroup;
			children = (
				D6F0C5FC2ABDC6410039FCF7 /* View */,
				D6F0C5F72ABDBC0D0039FCF7 /* ViewModel */,
			);
			path = Add;
			sourceTree = "<group>";
		};
		D6F0C5EF2ABD93F30039FCF7 /* View */ = {
			isa = PBXGroup;
			children = (
				D6F0C5E02ABD4F600039FCF7 /* UsersView.swift */,
			);
			path = View;
			sourceTree = "<group>";
		};
		D6F0C5F72ABDBC0D0039FCF7 /* ViewModel */ = {
			isa = PBXGroup;
			children = (
				D6F0C5F82ABDBC280039FCF7 /* AddViewModel.swift */,
			);
			path = ViewModel;
			sourceTree = "<group>";
		};
		D6F0C5FC2ABDC6410039FCF7 /* View */ = {
			isa = PBXGroup;
			children = (
				D6F0C5EA2ABD61230039FCF7 /* AddView.swift */,
			);
			path = View;
			sourceTree = "<group>";
		};
/* End PBXGroup section */

/* Begin PBXNativeTarget section */
		D65B173A2ABC6F2B008E0CF3 /* PagarDividas */ = {
			isa = PBXNativeTarget;
			buildConfigurationList = D65B17492ABC6F2D008E0CF3 /* Build configuration list for PBXNativeTarget "PagarDividas" */;
			buildPhases = (
				D65B17372ABC6F2B008E0CF3 /* Sources */,
				D65B17382ABC6F2B008E0CF3 /* Frameworks */,
				D65B17392ABC6F2B008E0CF3 /* Resources */,
			);
			buildRules = (
			);
			dependencies = (
			);
			name = PagarDividas;
			packageProductDependencies = (
				D65B17652ABC8233008E0CF3 /* FirebaseAnalytics */,
				D65B17672ABC8233008E0CF3 /* FirebaseAnalyticsSwift */,
				D65B176B2ABC8233008E0CF3 /* FirebaseFirestore */,
				D65B176D2ABC8233008E0CF3 /* FirebaseFirestoreSwift */,
				D65B17702ABC83AF008E0CF3 /* FirebaseStorage */,
				D64D29F52AD7141B00F89CAC /* FirebaseAuth */,
			);
			productName = PagarDividas;
			productReference = D65B173B2ABC6F2B008E0CF3 /* PagarDividas.app */;
			productType = "com.apple.product-type.application";
		};
/* End PBXNativeTarget section */

/* Begin PBXProject section */
		D65B17332ABC6F2B008E0CF3 /* Project object */ = {
			isa = PBXProject;
			attributes = {
				BuildIndependentTargetsInParallel = 1;
				LastSwiftUpdateCheck = 1430;
				LastUpgradeCheck = 1430;
				TargetAttributes = {
					D65B173A2ABC6F2B008E0CF3 = {
						CreatedOnToolsVersion = 14.3.1;
					};
				};
			};
			buildConfigurationList = D65B17362ABC6F2B008E0CF3 /* Build configuration list for PBXProject "PagarDividas" */;
			compatibilityVersion = "Xcode 14.0";
			developmentRegion = en;
			hasScannedForEncodings = 0;
			knownRegions = (
				en,
				Base,
			);
			mainGroup = D65B17322ABC6F2B008E0CF3;
			packageReferences = (
				D65B17642ABC8233008E0CF3 /* XCRemoteSwiftPackageReference "firebase-ios-sdk" */,
			);
			productRefGroup = D65B173C2ABC6F2B008E0CF3 /* Products */;
			projectDirPath = "";
			projectRoot = "";
			targets = (
				D65B173A2ABC6F2B008E0CF3 /* PagarDividas */,
			);
		};
/* End PBXProject section */

/* Begin PBXResourcesBuildPhase section */
		D65B17392ABC6F2B008E0CF3 /* Resources */ = {
			isa = PBXResourcesBuildPhase;
			buildActionMask = 2147483647;
			files = (
				D65B17462ABC6F2D008E0CF3 /* Preview Assets.xcassets in Resources */,
				D64D29F42AD7135500F89CAC /* GoogleService-Info.plist in Resources */,
				D65B17432ABC6F2D008E0CF3 /* Assets.xcassets in Resources */,
			);
			runOnlyForDeploymentPostprocessing = 0;
		};
/* End PBXResourcesBuildPhase section */

/* Begin PBXSourcesBuildPhase section */
		D65B17372ABC6F2B008E0CF3 /* Sources */ = {
			isa = PBXSourcesBuildPhase;
			buildActionMask = 2147483647;
			files = (
				D6C83FC42AC4217000357C25 /* PaymentView.swift in Sources */,
				D61C94E52AC1B6F8000562E9 /* CardInfoView.swift in Sources */,
				D61C94DB2AC199AB000562E9 /* HomeViewModel.swift in Sources */,
				D698F3612AE994BB0030A229 /* KeyBoardView.swift in Sources */,
				D6F0C5EB2ABD61230039FCF7 /* AddView.swift in Sources */,
				D65B17552ABC70CF008E0CF3 /* LoginView.swift in Sources */,
				D6F0C5F92ABDBC280039FCF7 /* AddViewModel.swift in Sources */,
				D650B9A22AC5386600DA249F /* Payment.swift in Sources */,
				D65A84E02AD0063200102C15 /* UserDebt.swift in Sources */,
				D6C83FBE2AC40F9400357C25 /* ProfileViewModel.swift in Sources */,
				D61C94E02AC1B165000562E9 /* RowEmprestimo.swift in Sources */,
				D6C83FB42AC3D96F00357C25 /* LoginViewModel.swift in Sources */,
				D642F5D32AC8A1CF009F76BC /* HomeService.swift in Sources */,
				D65B17592ABC71EB008E0CF3 /* InputView.swift in Sources */,
				D6C83FB62AC3DA1F00357C25 /* RegistrationViewModel.swift in Sources */,
				D69241352AEBC595001FFCD5 /* LendView.swift in Sources */,
				D6F0C5FB2ABDBED10039FCF7 /* TLButton.swift in Sources */,
				D65B17412ABC6F2B008E0CF3 /* ContentView.swift in Sources */,
				D63877D52ACAE8C000E78D8F /* ButtonCustomView.swift in Sources */,
				D65B175B2ABC777D008E0CF3 /* RegistesionView.swift in Sources */,
				D698F3632AE994D90030A229 /* Home.swift in Sources */,
				D65B17612ABC7E82008E0CF3 /* User.swift in Sources */,
				D6C83FAC2AC3D2FF00357C25 /* ContentViewModel.swift in Sources */,
				D642F5D52AC9607B009F76BC /* ImageFileUploader.swift in Sources */,
				D6C83FC82AC425B200357C25 /* PaymentViewModel.swift in Sources */,
				D65B175D2ABC7A64008E0CF3 /* ProfileView.swift in Sources */,
				D65B173F2ABC6F2B008E0CF3 /* PagarDividasApp.swift in Sources */,
				D6C83FC62AC4244900357C25 /* CircularProfileImageView.swift in Sources */,
				D6C83FAF2AC3D40900357C25 /* AuthService.swift in Sources */,
				D6F0C5E62ABD569D0039FCF7 /* UserService.swift in Sources */,
				D650B9A02AC5367700DA249F /* Constants.swift in Sources */,
				D61C94DD2AC19DA5000562E9 /* HomeView.swift in Sources */,
				D61C94D62AC0D69B000562E9 /* Extension.swift in Sources */,
				D65B175F2ABC7C22008E0CF3 /* SettingsRowView.swift in Sources */,
				D64CF2B32ACDE3A800AC061F /* Date.swift in Sources */,
				D6F0C5E12ABD4F600039FCF7 /* UsersView.swift in Sources */,
				D69241372AEBFD14001FFCD5 /* Double.swift in Sources */,
				D61C94E32AC1B58C000562E9 /* HeaderHomeView.swift in Sources */,
				D69AE9FD2AF2BCF50092520F /* CardDebtUserView.swift in Sources */,
				D6C83FBA2AC3E16F00357C25 /* UserViewModel.swift in Sources */,
				D650B99D2AC5351D00DA249F /* PaymentService.swift in Sources */,
				D65B17762ABC848F008E0CF3 /* AuthViewModel.swift in Sources */,
			);
			runOnlyForDeploymentPostprocessing = 0;
		};
/* End PBXSourcesBuildPhase section */

/* Begin XCBuildConfiguration section */
		D65B17472ABC6F2D008E0CF3 /* Debug */ = {
			isa = XCBuildConfiguration;
			buildSettings = {
				ALWAYS_SEARCH_USER_PATHS = NO;
				CLANG_ANALYZER_NONNULL = YES;
				CLANG_ANALYZER_NUMBER_OBJECT_CONVERSION = YES_AGGRESSIVE;
				CLANG_CXX_LANGUAGE_STANDARD = "gnu++20";
				CLANG_ENABLE_MODULES = YES;
				CLANG_ENABLE_OBJC_ARC = YES;
				CLANG_ENABLE_OBJC_WEAK = YES;
				CLANG_WARN_BLOCK_CAPTURE_AUTORELEASING = YES;
				CLANG_WARN_BOOL_CONVERSION = YES;
				CLANG_WARN_COMMA = YES;
				CLANG_WARN_CONSTANT_CONVERSION = YES;
				CLANG_WARN_DEPRECATED_OBJC_IMPLEMENTATIONS = YES;
				CLANG_WARN_DIRECT_OBJC_ISA_USAGE = YES_ERROR;
				CLANG_WARN_DOCUMENTATION_COMMENTS = YES;
				CLANG_WARN_EMPTY_BODY = YES;
				CLANG_WARN_ENUM_CONVERSION = YES;
				CLANG_WARN_INFINITE_RECURSION = YES;
				CLANG_WARN_INT_CONVERSION = YES;
				CLANG_WARN_NON_LITERAL_NULL_CONVERSION = YES;
				CLANG_WARN_OBJC_IMPLICIT_RETAIN_SELF = YES;
				CLANG_WARN_OBJC_LITERAL_CONVERSION = YES;
				CLANG_WARN_OBJC_ROOT_CLASS = YES_ERROR;
				CLANG_WARN_QUOTED_INCLUDE_IN_FRAMEWORK_HEADER = YES;
				CLANG_WARN_RANGE_LOOP_ANALYSIS = YES;
				CLANG_WARN_STRICT_PROTOTYPES = YES;
				CLANG_WARN_SUSPICIOUS_MOVE = YES;
				CLANG_WARN_UNGUARDED_AVAILABILITY = YES_AGGRESSIVE;
				CLANG_WARN_UNREACHABLE_CODE = YES;
				CLANG_WARN__DUPLICATE_METHOD_MATCH = YES;
				COPY_PHASE_STRIP = NO;
				DEBUG_INFORMATION_FORMAT = dwarf;
				ENABLE_STRICT_OBJC_MSGSEND = YES;
				ENABLE_TESTABILITY = YES;
				GCC_C_LANGUAGE_STANDARD = gnu11;
				GCC_DYNAMIC_NO_PIC = NO;
				GCC_NO_COMMON_BLOCKS = YES;
				GCC_OPTIMIZATION_LEVEL = 0;
				GCC_PREPROCESSOR_DEFINITIONS = (
					"DEBUG=1",
					"$(inherited)",
				);
				GCC_WARN_64_TO_32_BIT_CONVERSION = YES;
				GCC_WARN_ABOUT_RETURN_TYPE = YES_ERROR;
				GCC_WARN_UNDECLARED_SELECTOR = YES;
				GCC_WARN_UNINITIALIZED_AUTOS = YES_AGGRESSIVE;
				GCC_WARN_UNUSED_FUNCTION = YES;
				GCC_WARN_UNUSED_VARIABLE = YES;
				IPHONEOS_DEPLOYMENT_TARGET = 16.4;
				MTL_ENABLE_DEBUG_INFO = INCLUDE_SOURCE;
				MTL_FAST_MATH = YES;
				ONLY_ACTIVE_ARCH = YES;
				SDKROOT = iphoneos;
				SWIFT_ACTIVE_COMPILATION_CONDITIONS = DEBUG;
				SWIFT_OPTIMIZATION_LEVEL = "-Onone";
			};
			name = Debug;
		};
		D65B17482ABC6F2D008E0CF3 /* Release */ = {
			isa = XCBuildConfiguration;
			buildSettings = {
				ALWAYS_SEARCH_USER_PATHS = NO;
				CLANG_ANALYZER_NONNULL = YES;
				CLANG_ANALYZER_NUMBER_OBJECT_CONVERSION = YES_AGGRESSIVE;
				CLANG_CXX_LANGUAGE_STANDARD = "gnu++20";
				CLANG_ENABLE_MODULES = YES;
				CLANG_ENABLE_OBJC_ARC = YES;
				CLANG_ENABLE_OBJC_WEAK = YES;
				CLANG_WARN_BLOCK_CAPTURE_AUTORELEASING = YES;
				CLANG_WARN_BOOL_CONVERSION = YES;
				CLANG_WARN_COMMA = YES;
				CLANG_WARN_CONSTANT_CONVERSION = YES;
				CLANG_WARN_DEPRECATED_OBJC_IMPLEMENTATIONS = YES;
				CLANG_WARN_DIRECT_OBJC_ISA_USAGE = YES_ERROR;
				CLANG_WARN_DOCUMENTATION_COMMENTS = YES;
				CLANG_WARN_EMPTY_BODY = YES;
				CLANG_WARN_ENUM_CONVERSION = YES;
				CLANG_WARN_INFINITE_RECURSION = YES;
				CLANG_WARN_INT_CONVERSION = YES;
				CLANG_WARN_NON_LITERAL_NULL_CONVERSION = YES;
				CLANG_WARN_OBJC_IMPLICIT_RETAIN_SELF = YES;
				CLANG_WARN_OBJC_LITERAL_CONVERSION = YES;
				CLANG_WARN_OBJC_ROOT_CLASS = YES_ERROR;
				CLANG_WARN_QUOTED_INCLUDE_IN_FRAMEWORK_HEADER = YES;
				CLANG_WARN_RANGE_LOOP_ANALYSIS = YES;
				CLANG_WARN_STRICT_PROTOTYPES = YES;
				CLANG_WARN_SUSPICIOUS_MOVE = YES;
				CLANG_WARN_UNGUARDED_AVAILABILITY = YES_AGGRESSIVE;
				CLANG_WARN_UNREACHABLE_CODE = YES;
				CLANG_WARN__DUPLICATE_METHOD_MATCH = YES;
				COPY_PHASE_STRIP = NO;
				DEBUG_INFORMATION_FORMAT = "dwarf-with-dsym";
				ENABLE_NS_ASSERTIONS = NO;
				ENABLE_STRICT_OBJC_MSGSEND = YES;
				GCC_C_LANGUAGE_STANDARD = gnu11;
				GCC_NO_COMMON_BLOCKS = YES;
				GCC_WARN_64_TO_32_BIT_CONVERSION = YES;
				GCC_WARN_ABOUT_RETURN_TYPE = YES_ERROR;
				GCC_WARN_UNDECLARED_SELECTOR = YES;
				GCC_WARN_UNINITIALIZED_AUTOS = YES_AGGRESSIVE;
				GCC_WARN_UNUSED_FUNCTION = YES;
				GCC_WARN_UNUSED_VARIABLE = YES;
				IPHONEOS_DEPLOYMENT_TARGET = 16.4;
				MTL_ENABLE_DEBUG_INFO = NO;
				MTL_FAST_MATH = YES;
				SDKROOT = iphoneos;
				SWIFT_COMPILATION_MODE = wholemodule;
				SWIFT_OPTIMIZATION_LEVEL = "-O";
				VALIDATE_PRODUCT = YES;
			};
			name = Release;
		};
		D65B174A2ABC6F2D008E0CF3 /* Debug */ = {
			isa = XCBuildConfiguration;
			buildSettings = {
				ASSETCATALOG_COMPILER_APPICON_NAME = AppIcon;
				ASSETCATALOG_COMPILER_GLOBAL_ACCENT_COLOR_NAME = AccentColor;
				CODE_SIGN_STYLE = Automatic;
				CURRENT_PROJECT_VERSION = 1;
				DEVELOPMENT_ASSET_PATHS = "\"PagarDividas/Preview Content\"";
				DEVELOPMENT_TEAM = C783JK93JC;
				ENABLE_PREVIEWS = YES;
				GENERATE_INFOPLIST_FILE = YES;
				INFOPLIST_KEY_UIApplicationSceneManifest_Generation = YES;
				INFOPLIST_KEY_UIApplicationSupportsIndirectInputEvents = YES;
				INFOPLIST_KEY_UILaunchScreen_Generation = YES;
				INFOPLIST_KEY_UISupportedInterfaceOrientations_iPad = "UIInterfaceOrientationPortrait UIInterfaceOrientationPortraitUpsideDown UIInterfaceOrientationLandscapeLeft UIInterfaceOrientationLandscapeRight";
				INFOPLIST_KEY_UISupportedInterfaceOrientations_iPhone = "UIInterfaceOrientationPortrait UIInterfaceOrientationLandscapeLeft UIInterfaceOrientationLandscapeRight";
				LD_RUNPATH_SEARCH_PATHS = (
					"$(inherited)",
					"@executable_path/Frameworks",
				);
				MARKETING_VERSION = 1.0;
				PRODUCT_BUNDLE_IDENTIFIER = GoncalvesHigino.PagarDividas;
				PRODUCT_NAME = "$(TARGET_NAME)";
				SWIFT_EMIT_LOC_STRINGS = YES;
				SWIFT_VERSION = 5.0;
				TARGETED_DEVICE_FAMILY = "1,2";
			};
			name = Debug;
		};
		D65B174B2ABC6F2D008E0CF3 /* Release */ = {
			isa = XCBuildConfiguration;
			buildSettings = {
				ASSETCATALOG_COMPILER_APPICON_NAME = AppIcon;
				ASSETCATALOG_COMPILER_GLOBAL_ACCENT_COLOR_NAME = AccentColor;
				CODE_SIGN_STYLE = Automatic;
				CURRENT_PROJECT_VERSION = 1;
				DEVELOPMENT_ASSET_PATHS = "\"PagarDividas/Preview Content\"";
				DEVELOPMENT_TEAM = C783JK93JC;
				ENABLE_PREVIEWS = YES;
				GENERATE_INFOPLIST_FILE = YES;
				INFOPLIST_KEY_UIApplicationSceneManifest_Generation = YES;
				INFOPLIST_KEY_UIApplicationSupportsIndirectInputEvents = YES;
				INFOPLIST_KEY_UILaunchScreen_Generation = YES;
				INFOPLIST_KEY_UISupportedInterfaceOrientations_iPad = "UIInterfaceOrientationPortrait UIInterfaceOrientationPortraitUpsideDown UIInterfaceOrientationLandscapeLeft UIInterfaceOrientationLandscapeRight";
				INFOPLIST_KEY_UISupportedInterfaceOrientations_iPhone = "UIInterfaceOrientationPortrait UIInterfaceOrientationLandscapeLeft UIInterfaceOrientationLandscapeRight";
				LD_RUNPATH_SEARCH_PATHS = (
					"$(inherited)",
					"@executable_path/Frameworks",
				);
				MARKETING_VERSION = 1.0;
				PRODUCT_BUNDLE_IDENTIFIER = GoncalvesHigino.PagarDividas;
				PRODUCT_NAME = "$(TARGET_NAME)";
				SWIFT_EMIT_LOC_STRINGS = YES;
				SWIFT_VERSION = 5.0;
				TARGETED_DEVICE_FAMILY = "1,2";
			};
			name = Release;
		};
/* End XCBuildConfiguration section */

/* Begin XCConfigurationList section */
		D65B17362ABC6F2B008E0CF3 /* Build configuration list for PBXProject "PagarDividas" */ = {
			isa = XCConfigurationList;
			buildConfigurations = (
				D65B17472ABC6F2D008E0CF3 /* Debug */,
				D65B17482ABC6F2D008E0CF3 /* Release */,
			);
			defaultConfigurationIsVisible = 0;
			defaultConfigurationName = Release;
		};
		D65B17492ABC6F2D008E0CF3 /* Build configuration list for PBXNativeTarget "PagarDividas" */ = {
			isa = XCConfigurationList;
			buildConfigurations = (
				D65B174A2ABC6F2D008E0CF3 /* Debug */,
				D65B174B2ABC6F2D008E0CF3 /* Release */,
			);
			defaultConfigurationIsVisible = 0;
			defaultConfigurationName = Release;
		};
/* End XCConfigurationList section */

/* Begin XCRemoteSwiftPackageReference section */
		D65B17642ABC8233008E0CF3 /* XCRemoteSwiftPackageReference "firebase-ios-sdk" */ = {
			isa = XCRemoteSwiftPackageReference;
			repositoryURL = "https://github.com/firebase/firebase-ios-sdk.git";
			requirement = {
				kind = upToNextMajorVersion;
				minimumVersion = 10.0.0;
			};
		};
/* End XCRemoteSwiftPackageReference section */

/* Begin XCSwiftPackageProductDependency section */
		D64D29F52AD7141B00F89CAC /* FirebaseAuth */ = {
			isa = XCSwiftPackageProductDependency;
			package = D65B17642ABC8233008E0CF3 /* XCRemoteSwiftPackageReference "firebase-ios-sdk" */;
			productName = FirebaseAuth;
		};
		D65B17652ABC8233008E0CF3 /* FirebaseAnalytics */ = {
			isa = XCSwiftPackageProductDependency;
			package = D65B17642ABC8233008E0CF3 /* XCRemoteSwiftPackageReference "firebase-ios-sdk" */;
			productName = FirebaseAnalytics;
		};
		D65B17672ABC8233008E0CF3 /* FirebaseAnalyticsSwift */ = {
			isa = XCSwiftPackageProductDependency;
			package = D65B17642ABC8233008E0CF3 /* XCRemoteSwiftPackageReference "firebase-ios-sdk" */;
			productName = FirebaseAnalyticsSwift;
		};
		D65B176B2ABC8233008E0CF3 /* FirebaseFirestore */ = {
			isa = XCSwiftPackageProductDependency;
			package = D65B17642ABC8233008E0CF3 /* XCRemoteSwiftPackageReference "firebase-ios-sdk" */;
			productName = FirebaseFirestore;
		};
		D65B176D2ABC8233008E0CF3 /* FirebaseFirestoreSwift */ = {
			isa = XCSwiftPackageProductDependency;
			package = D65B17642ABC8233008E0CF3 /* XCRemoteSwiftPackageReference "firebase-ios-sdk" */;
			productName = FirebaseFirestoreSwift;
		};
		D65B17702ABC83AF008E0CF3 /* FirebaseStorage */ = {
			isa = XCSwiftPackageProductDependency;
			package = D65B17642ABC8233008E0CF3 /* XCRemoteSwiftPackageReference "firebase-ios-sdk" */;
			productName = FirebaseStorage;
		};
/* End XCSwiftPackageProductDependency section */
	};
	rootObject = D65B17332ABC6F2B008E0CF3 /* Project object */;
}
